
Microsoft Visual Studio Solution File, Format Version 12.00
# Visual Studio Version 17
VisualStudioVersion = 17.0.31903.59
MinimumVisualStudioVersion = 10.0.40219.1
Project("{2150E333-8FDC-42A3-9474-1A3956D46DE8}") = "src", "src", "{827E0CD3-B72D-47B6-A68D-7590B98EB39B}"
EndProject
Project("{FAE04EC0-301F-11D3-BF4B-00C04F79EFBC}") = "Dotty.App", "src\Dotty.App\Dotty.App.csproj", "{C0B96CE1-6BD0-4517-AE8A-14B60DE960CC}"
EndProject
Project("{2150E333-8FDC-42A3-9474-1A3956D46DE8}") = "tests", "tests", "{0AB3BF05-4346-4AA6-1389-037BE0695223}"
EndProject
Project("{FAE04EC0-301F-11D3-BF4B-00C04F79EFBC}") = "Dotty.App.Tests", "tests\Dotty.App.Tests\Dotty.App.Tests.csproj", "{75FA4F2F-D3FF-4D0E-8084-2D023098C2F3}"
EndProject
Global
	GlobalSection(SolutionConfigurationPlatforms) = preSolution
		Debug|Any CPU = Debug|Any CPU
		Debug|x64 = Debug|x64
		Debug|x86 = Debug|x86
		Release|Any CPU = Release|Any CPU
		Release|x64 = Release|x64
		Release|x86 = Release|x86
	EndGlobalSection
	GlobalSection(ProjectConfigurationPlatforms) = postSolution
		{C0B96CE1-6BD0-4517-AE8A-14B60DE960CC}.Debug|Any CPU.ActiveCfg = Debug|Any CPU
		{C0B96CE1-6BD0-4517-AE8A-14B60DE960CC}.Debug|Any CPU.Build.0 = Debug|Any CPU
		{C0B96CE1-6BD0-4517-AE8A-14B60DE960CC}.Debug|x64.ActiveCfg = Debug|Any CPU
		{C0B96CE1-6BD0-4517-AE8A-14B60DE960CC}.Debug|x64.Build.0 = Debug|Any CPU
		{C0B96CE1-6BD0-4517-AE8A-14B60DE960CC}.Debug|x86.ActiveCfg = Debug|Any CPU
		{C0B96CE1-6BD0-4517-AE8A-14B60DE960CC}.Debug|x86.Build.0 = Debug|Any CPU
		{C0B96CE1-6BD0-4517-AE8A-14B60DE960CC}.Release|Any CPU.ActiveCfg = Release|Any CPU
		{C0B96CE1-6BD0-4517-AE8A-14B60DE960CC}.Release|Any CPU.Build.0 = Release|Any CPU
		{C0B96CE1-6BD0-4517-AE8A-14B60DE960CC}.Release|x64.ActiveCfg = Release|Any CPU
		{C0B96CE1-6BD0-4517-AE8A-14B60DE960CC}.Release|x64.Build.0 = Release|Any CPU
		{C0B96CE1-6BD0-4517-AE8A-14B60DE960CC}.Release|x86.ActiveCfg = Release|Any CPU
		{C0B96CE1-6BD0-4517-AE8A-14B60DE960CC}.Release|x86.Build.0 = Release|Any CPU
		{75FA4F2F-D3FF-4D0E-8084-2D023098C2F3}.Debug|Any CPU.ActiveCfg = Debug|Any CPU
		{75FA4F2F-D3FF-4D0E-8084-2D023098C2F3}.Debug|Any CPU.Build.0 = Debug|Any CPU
		{75FA4F2F-D3FF-4D0E-8084-2D023098C2F3}.Debug|x64.ActiveCfg = Debug|Any CPU
		{75FA4F2F-D3FF-4D0E-8084-2D023098C2F3}.Debug|x64.Build.0 = Debug|Any CPU
		{75FA4F2F-D3FF-4D0E-8084-2D023098C2F3}.Debug|x86.ActiveCfg = Debug|Any CPU
		{75FA4F2F-D3FF-4D0E-8084-2D023098C2F3}.Debug|x86.Build.0 = Debug|Any CPU
		{75FA4F2F-D3FF-4D0E-8084-2D023098C2F3}.Release|Any CPU.ActiveCfg = Release|Any CPU
		{75FA4F2F-D3FF-4D0E-8084-2D023098C2F3}.Release|Any CPU.Build.0 = Release|Any CPU
		{75FA4F2F-D3FF-4D0E-8084-2D023098C2F3}.Release|x64.ActiveCfg = Release|Any CPU
		{75FA4F2F-D3FF-4D0E-8084-2D023098C2F3}.Release|x64.Build.0 = Release|Any CPU
		{75FA4F2F-D3FF-4D0E-8084-2D023098C2F3}.Release|x86.ActiveCfg = Release|Any CPU
		{75FA4F2F-D3FF-4D0E-8084-2D023098C2F3}.Release|x86.Build.0 = Release|Any CPU
	EndGlobalSection
	GlobalSection(SolutionProperties) = preSolution
		HideSolutionNode = FALSE
	EndGlobalSection
	GlobalSection(NestedProjects) = preSolution
		{C0B96CE1-6BD0-4517-AE8A-14B60DE960CC} = {827E0CD3-B72D-47B6-A68D-7590B98EB39B}
		{75FA4F2F-D3FF-4D0E-8084-2D023098C2F3} = {0AB3BF05-4346-4AA6-1389-037BE0695223}
	EndGlobalSection
EndGlobal
