
Microsoft Visual Studio Solution File, Format Version 12.00
# Visual Studio Version 17
VisualStudioVersion = 17.0.31903.59
MinimumVisualStudioVersion = 10.0.40219.1
Project("{2150E333-8FDC-42A3-9474-1A3956D46DE8}") = "src", "src", "{827E0CD3-B72D-47B6-A68D-7590B98EB39B}"
EndProject
Project("{FAE04EC0-301F-11D3-BF4B-00C04F79EFBC}") = "Dotty.App", "src\Dotty.App\Dotty.App.csproj", "{C0B96CE1-6BD0-4517-AE8A-14B60DE960CC}"
EndProject
Project("{2150E333-8FDC-42A3-9474-1A3956D46DE8}") = "tests", "tests", "{0AB3BF05-4346-4AA6-1389-037BE0695223}"
EndProject
Project("{FAE04EC0-301F-11D3-BF4B-00C04F79EFBC}") = "Dotty.App.Tests", "tests\Dotty.App.Tests\Dotty.App.Tests.csproj", "{75FA4F2F-D3FF-4D0E-8084-2D023098C2F3}"
EndProject
Project("{FAE04EC0-301F-11D3-BF4B-00C04F79EFBC}") = "Dotty.Terminal", "src\Dotty.Terminal\Dotty.Terminal.csproj", "{98CD3106-8629-4F6A-B339-6583C8CA97A4}"
EndProject
Project("{FAE04EC0-301F-11D3-BF4B-00C04F79EFBC}") = "Dotty.Abstractions", "src\Dotty.Abstractions\Dotty.Abstractions.csproj", "{F9D8806A-CED2-4CA8-B5D5-CDB8771E44A7}"
EndProject
Project("{FAE04EC0-301F-11D3-BF4B-00C04F79EFBC}") = "Dotty.Config.SourceGenerator", "src\Dotty.Config.SourceGenerator\Dotty.Config.SourceGenerator.csproj", "{A1B2C3D4-E5F6-7890-ABCD-EF1234567890}"
EndProject
Project("{FAE04EC0-301F-11D3-BF4B-00C04F79EFBC}") = "Dotty.NativePty", "src\Dotty.NativePty\Dotty.NativePty.csproj", "{B2C3D4E5-F6A7-8901-BCDE-F23456789012}"
EndProject
Project("{FAE04EC0-301F-11D3-BF4B-00C04F79EFBC}") = "Dotty.Performance.Tests", "tests\Dotty.Performance.Tests\Dotty.Performance.Tests.csproj", "{C3D4E5F6-A7B8-9012-CDEF-345678901234}"
EndProject
Project("{FAE04EC0-301F-11D3-BF4B-00C04F79EFBC}") = "Dotty.E2E.Tests", "tests\Dotty.E2E.Tests\Dotty.E2E.Tests.csproj", "{D4E5F6A7-B8C9-0123-DEF0-456789012345}"
EndProject
Project("{2150E333-8FDC-42A3-9474-1A3956D46DE8}") = "artifacts", "artifacts", "{99116B1D-F007-E82B-443C-F02EDF2152BC}"
EndProject
Project("{2150E333-8FDC-42A3-9474-1A3956D46DE8}") = "perf", "perf", "{1DD255BE-ED08-BF88-5BD6-090A664455EC}"
EndProject
Project("{2150E333-8FDC-42A3-9474-1A3956D46DE8}") = "PerfHarness", "PerfHarness", "{AD397890-E936-B52D-8617-6D0AC9B759BE}"
EndProject
Project("{FAE04EC0-301F-11D3-BF4B-00C04F79EFBC}") = "PerfHarness", "artifacts\perf\PerfHarness\PerfHarness\PerfHarness.csproj", "{523F1028-F725-4987-B013-C2935E3D7B70}"
EndProject
Global
	GlobalSection(SolutionConfigurationPlatforms) = preSolution
		Debug|Any CPU = Debug|Any CPU
		Debug|x64 = Debug|x64
		Debug|x86 = Debug|x86
		Release|Any CPU = Release|Any CPU
		Release|x64 = Release|x64
		Release|x86 = Release|x86
	EndGlobalSection
	GlobalSection(ProjectConfigurationPlatforms) = postSolution
		{C0B96CE1-6BD0-4517-AE8A-14B60DE960CC}.Debug|Any CPU.ActiveCfg = Debug|Any CPU
		{C0B96CE1-6BD0-4517-AE8A-14B60DE960CC}.Debug|Any CPU.Build.0 = Debug|Any CPU
		{C0B96CE1-6BD0-4517-AE8A-14B60DE960CC}.Debug|x64.ActiveCfg = Debug|Any CPU
		{C0B96CE1-6BD0-4517-AE8A-14B60DE960CC}.Debug|x64.Build.0 = Debug|Any CPU
		{C0B96CE1-6BD0-4517-AE8A-14B60DE960CC}.Debug|x86.ActiveCfg = Debug|Any CPU
		{C0B96CE1-6BD0-4517-AE8A-14B60DE960CC}.Debug|x86.Build.0 = Debug|Any CPU
		{C0B96CE1-6BD0-4517-AE8A-14B60DE960CC}.Release|Any CPU.ActiveCfg = Release|Any CPU
		{C0B96CE1-6BD0-4517-AE8A-14B60DE960CC}.Release|Any CPU.Build.0 = Release|Any CPU
		{C0B96CE1-6BD0-4517-AE8A-14B60DE960CC}.Release|x64.ActiveCfg = Release|Any CPU
		{C0B96CE1-6BD0-4517-AE8A-14B60DE960CC}.Release|x64.Build.0 = Release|Any CPU
		{C0B96CE1-6BD0-4517-AE8A-14B60DE960CC}.Release|x86.ActiveCfg = Release|Any CPU
		{C0B96CE1-6BD0-4517-AE8A-14B60DE960CC}.Release|x86.Build.0 = Release|Any CPU
		{75FA4F2F-D3FF-4D0E-8084-2D023098C2F3}.Debug|Any CPU.ActiveCfg = Debug|Any CPU
		{75FA4F2F-D3FF-4D0E-8084-2D023098C2F3}.Debug|Any CPU.Build.0 = Debug|Any CPU
		{75FA4F2F-D3FF-4D0E-8084-2D023098C2F3}.Debug|x64.ActiveCfg = Debug|Any CPU
		{75FA4F2F-D3FF-4D0E-8084-2D023098C2F3}.Debug|x64.Build.0 = Debug|Any CPU
		{75FA4F2F-D3FF-4D0E-8084-2D023098C2F3}.Debug|x86.ActiveCfg = Debug|Any CPU
		{75FA4F2F-D3FF-4D0E-8084-2D023098C2F3}.Debug|x86.Build.0 = Debug|Any CPU
		{75FA4F2F-D3FF-4D0E-8084-2D023098C2F3}.Release|Any CPU.ActiveCfg = Release|Any CPU
		{75FA4F2F-D3FF-4D0E-8084-2D023098C2F3}.Release|Any CPU.Build.0 = Release|Any CPU
		{75FA4F2F-D3FF-4D0E-8084-2D023098C2F3}.Release|x64.ActiveCfg = Release|Any CPU
		{75FA4F2F-D3FF-4D0E-8084-2D023098C2F3}.Release|x64.Build.0 = Release|Any CPU
		{75FA4F2F-D3FF-4D0E-8084-2D023098C2F3}.Release|x86.ActiveCfg = Release|Any CPU
		{75FA4F2F-D3FF-4D0E-8084-2D023098C2F3}.Release|x86.Build.0 = Release|Any CPU
		{98CD3106-8629-4F6A-B339-6583C8CA97A4}.Debug|Any CPU.ActiveCfg = Debug|Any CPU
		{98CD3106-8629-4F6A-B339-6583C8CA97A4}.Debug|Any CPU.Build.0 = Debug|Any CPU
		{98CD3106-8629-4F6A-B339-6583C8CA97A4}.Debug|x64.ActiveCfg = Debug|Any CPU
		{98CD3106-8629-4F6A-B339-6583C8CA97A4}.Debug|x64.Build.0 = Debug|Any CPU
		{98CD3106-8629-4F6A-B339-6583C8CA97A4}.Debug|x86.ActiveCfg = Debug|Any CPU
		{98CD3106-8629-4F6A-B339-6583C8CA97A4}.Debug|x86.Build.0 = Debug|Any CPU
		{98CD3106-8629-4F6A-B339-6583C8CA97A4}.Release|Any CPU.ActiveCfg = Release|Any CPU
		{98CD3106-8629-4F6A-B339-6583C8CA97A4}.Release|Any CPU.Build.0 = Release|Any CPU
		{98CD3106-8629-4F6A-B339-6583C8CA97A4}.Release|x64.ActiveCfg = Release|Any CPU
		{98CD3106-8629-4F6A-B339-6583C8CA97A4}.Release|x64.Build.0 = Release|Any CPU
		{98CD3106-8629-4F6A-B339-6583C8CA97A4}.Release|x86.ActiveCfg = Release|Any CPU
		{98CD3106-8629-4F6A-B339-6583C8CA97A4}.Release|x86.Build.0 = Release|Any CPU
		{F9D8806A-CED2-4CA8-B5D5-CDB8771E44A7}.Debug|Any CPU.ActiveCfg = Debug|Any CPU
		{F9D8806A-CED2-4CA8-B5D5-CDB8771E44A7}.Debug|Any CPU.Build.0 = Debug|Any CPU
		{F9D8806A-CED2-4CA8-B5D5-CDB8771E44A7}.Debug|x64.ActiveCfg = Debug|Any CPU
		{F9D8806A-CED2-4CA8-B5D5-CDB8771E44A7}.Debug|x64.Build.0 = Debug|Any CPU
		{F9D8806A-CED2-4CA8-B5D5-CDB8771E44A7}.Debug|x86.ActiveCfg = Debug|Any CPU
		{F9D8806A-CED2-4CA8-B5D5-CDB8771E44A7}.Debug|x86.Build.0 = Debug|Any CPU
		{F9D8806A-CED2-4CA8-B5D5-CDB8771E44A7}.Release|Any CPU.ActiveCfg = Release|Any CPU
		{F9D8806A-CED2-4CA8-B5D5-CDB8771E44A7}.Release|Any CPU.Build.0 = Release|Any CPU
		{F9D8806A-CED2-4CA8-B5D5-CDB8771E44A7}.Release|x64.ActiveCfg = Release|Any CPU
		{F9D8806A-CED2-4CA8-B5D5-CDB8771E44A7}.Release|x64.Build.0 = Release|Any CPU
		{F9D8806A-CED2-4CA8-B5D5-CDB8771E44A7}.Release|x86.ActiveCfg = Release|Any CPU
		{F9D8806A-CED2-4CA8-B5D5-CDB8771E44A7}.Release|x86.Build.0 = Release|Any CPU
		{A1B2C3D4-E5F6-7890-ABCD-EF1234567890}.Debug|Any CPU.ActiveCfg = Debug|Any CPU
		{A1B2C3D4-E5F6-7890-ABCD-EF1234567890}.Debug|Any CPU.Build.0 = Debug|Any CPU
		{A1B2C3D4-E5F6-7890-ABCD-EF1234567890}.Debug|x64.ActiveCfg = Debug|Any CPU
		{A1B2C3D4-E5F6-7890-ABCD-EF1234567890}.Debug|x64.Build.0 = Debug|Any CPU
		{A1B2C3D4-E5F6-7890-ABCD-EF1234567890}.Debug|x86.ActiveCfg = Debug|Any CPU
		{A1B2C3D4-E5F6-7890-ABCD-EF1234567890}.Debug|x86.Build.0 = Debug|Any CPU
		{A1B2C3D4-E5F6-7890-ABCD-EF1234567890}.Release|Any CPU.ActiveCfg = Release|Any CPU
		{A1B2C3D4-E5F6-7890-ABCD-EF1234567890}.Release|Any CPU.Build.0 = Release|Any CPU
		{A1B2C3D4-E5F6-7890-ABCD-EF1234567890}.Release|x64.ActiveCfg = Release|Any CPU
		{A1B2C3D4-E5F6-7890-ABCD-EF1234567890}.Release|x64.Build.0 = Release|Any CPU
		{A1B2C3D4-E5F6-7890-ABCD-EF1234567890}.Release|x86.ActiveCfg = Release|Any CPU
		{A1B2C3D4-E5F6-7890-ABCD-EF1234567890}.Release|x86.Build.0 = Release|Any CPU
		{B2C3D4E5-F6A7-8901-BCDE-F23456789012}.Debug|Any CPU.ActiveCfg = Debug|Any CPU
		{B2C3D4E5-F6A7-8901-BCDE-F23456789012}.Debug|Any CPU.Build.0 = Debug|Any CPU
		{B2C3D4E5-F6A7-8901-BCDE-F23456789012}.Debug|x64.ActiveCfg = Debug|Any CPU
		{B2C3D4E5-F6A7-8901-BCDE-F23456789012}.Debug|x64.Build.0 = Debug|Any CPU
		{B2C3D4E5-F6A7-8901-BCDE-F23456789012}.Debug|x86.ActiveCfg = Debug|Any CPU
		{B2C3D4E5-F6A7-8901-BCDE-F23456789012}.Debug|x86.Build.0 = Debug|Any CPU
		{B2C3D4E5-F6A7-8901-BCDE-F23456789012}.Release|Any CPU.ActiveCfg = Release|Any CPU
		{B2C3D4E5-F6A7-8901-BCDE-F23456789012}.Release|Any CPU.Build.0 = Release|Any CPU
		{B2C3D4E5-F6A7-8901-BCDE-F23456789012}.Release|x64.ActiveCfg = Release|Any CPU
		{B2C3D4E5-F6A7-8901-BCDE-F23456789012}.Release|x64.Build.0 = Release|Any CPU
		{B2C3D4E5-F6A7-8901-BCDE-F23456789012}.Release|x86.ActiveCfg = Release|Any CPU
		{B2C3D4E5-F6A7-8901-BCDE-F23456789012}.Release|x86.Build.0 = Release|Any CPU
		{C3D4E5F6-A7B8-9012-CDEF-345678901234}.Debug|Any CPU.ActiveCfg = Debug|Any CPU
		{C3D4E5F6-A7B8-9012-CDEF-345678901234}.Debug|Any CPU.Build.0 = Debug|Any CPU
		{C3D4E5F6-A7B8-9012-CDEF-345678901234}.Debug|x64.ActiveCfg = Debug|Any CPU
		{C3D4E5F6-A7B8-9012-CDEF-345678901234}.Debug|x64.Build.0 = Debug|Any CPU
		{C3D4E5F6-A7B8-9012-CDEF-345678901234}.Debug|x86.ActiveCfg = Debug|Any CPU
		{C3D4E5F6-A7B8-9012-CDEF-345678901234}.Debug|x86.Build.0 = Debug|Any CPU
		{C3D4E5F6-A7B8-9012-CDEF-345678901234}.Release|Any CPU.ActiveCfg = Release|Any CPU
		{C3D4E5F6-A7B8-9012-CDEF-345678901234}.Release|Any CPU.Build.0 = Release|Any CPU
		{C3D4E5F6-A7B8-9012-CDEF-345678901234}.Release|x64.ActiveCfg = Release|Any CPU
		{C3D4E5F6-A7B8-9012-CDEF-345678901234}.Release|x64.Build.0 = Release|Any CPU
		{C3D4E5F6-A7B8-9012-CDEF-345678901234}.Release|x86.ActiveCfg = Release|Any CPU
		{C3D4E5F6-A7B8-9012-CDEF-345678901234}.Release|x86.Build.0 = Release|Any CPU
		{523F1028-F725-4987-B013-C2935E3D7B70}.Debug|Any CPU.ActiveCfg = Debug|Any CPU
		{523F1028-F725-4987-B013-C2935E3D7B70}.Debug|Any CPU.Build.0 = Debug|Any CPU
		{523F1028-F725-4987-B013-C2935E3D7B70}.Debug|x64.ActiveCfg = Debug|Any CPU
		{523F1028-F725-4987-B013-C2935E3D7B70}.Debug|x64.Build.0 = Debug|Any CPU
		{523F1028-F725-4987-B013-C2935E3D7B70}.Debug|x86.ActiveCfg = Debug|Any CPU
		{523F1028-F725-4987-B013-C2935E3D7B70}.Debug|x86.Build.0 = Debug|Any CPU
		{523F1028-F725-4987-B013-C2935E3D7B70}.Release|Any CPU.ActiveCfg = Release|Any CPU
		{523F1028-F725-4987-B013-C2935E3D7B70}.Release|Any CPU.Build.0 = Release|Any CPU
		{523F1028-F725-4987-B013-C2935E3D7B70}.Release|x64.ActiveCfg = Release|Any CPU
		{523F1028-F725-4987-B013-C2935E3D7B70}.Release|x64.Build.0 = Release|Any CPU
		{523F1028-F725-4987-B013-C2935E3D7B70}.Release|x86.ActiveCfg = Release|Any CPU
		{523F1028-F725-4987-B013-C2935E3D7B70}.Release|x86.Build.0 = Release|Any CPU
		{D4E5F6A7-B8C9-0123-DEF0-456789012345}.Debug|Any CPU.ActiveCfg = Debug|Any CPU
		{D4E5F6A7-B8C9-0123-DEF0-456789012345}.Debug|Any CPU.Build.0 = Debug|Any CPU
		{D4E5F6A7-B8C9-0123-DEF0-456789012345}.Debug|x64.ActiveCfg = Debug|Any CPU
		{D4E5F6A7-B8C9-0123-DEF0-456789012345}.Debug|x64.Build.0 = Debug|Any CPU
		{D4E5F6A7-B8C9-0123-DEF0-456789012345}.Debug|x86.ActiveCfg = Debug|Any CPU
		{D4E5F6A7-B8C9-0123-DEF0-456789012345}.Debug|x86.Build.0 = Debug|Any CPU
		{D4E5F6A7-B8C9-0123-DEF0-456789012345}.Release|Any CPU.ActiveCfg = Release|Any CPU
		{D4E5F6A7-B8C9-0123-DEF0-456789012345}.Release|Any CPU.Build.0 = Release|Any CPU
		{D4E5F6A7-B8C9-0123-DEF0-456789012345}.Release|x64.ActiveCfg = Release|Any CPU
		{D4E5F6A7-B8C9-0123-DEF0-456789012345}.Release|x64.Build.0 = Release|Any CPU
		{D4E5F6A7-B8C9-0123-DEF0-456789012345}.Release|x86.ActiveCfg = Release|Any CPU
		{D4E5F6A7-B8C9-0123-DEF0-456789012345}.Release|x86.Build.0 = Release|Any CPU
	EndGlobalSection
	GlobalSection(SolutionProperties) = preSolution
		HideSolutionNode = FALSE
	EndGlobalSection
	GlobalSection(NestedProjects) = preSolution
		{C0B96CE1-6BD0-4517-AE8A-14B60DE960CC} = {827E0CD3-B72D-47B6-A68D-7590B98EB39B}
		{75FA4F2F-D3FF-4D0E-8084-2D023098C2F3} = {0AB3BF05-4346-4AA6-1389-037BE0695223}
		{C3D4E5F6-A7B8-9012-CDEF-345678901234} = {0AB3BF05-4346-4AA6-1389-037BE0695223}
		{D4E5F6A7-B8C9-0123-DEF0-456789012345} = {0AB3BF05-4346-4AA6-1389-037BE0695223}
		{98CD3106-8629-4F6A-B339-6583C8CA97A4} = {827E0CD3-B72D-47B6-A68D-7590B98EB39B}
		{F9D8806A-CED2-4CA8-B5D5-CDB8771E44A7} = {827E0CD3-B72D-47B6-A68D-7590B98EB39B}
		{A1B2C3D4-E5F6-7890-ABCD-EF1234567890} = {827E0CD3-B72D-47B6-A68D-7590B98EB39B}
		{B2C3D4E5-F6A7-8901-BCDE-F23456789012} = {827E0CD3-B72D-47B6-A68D-7590B98EB39B}
		{1DD255BE-ED08-BF88-5BD6-090A664455EC} = {99116B1D-F007-E82B-443C-F02EDF2152BC}
		{AD397890-E936-B52D-8617-6D0AC9B759BE} = {1DD255BE-ED08-BF88-5BD6-090A664455EC}
		{523F1028-F725-4987-B013-C2935E3D7B70} = {AD397890-E936-B52D-8617-6D0AC9B759BE}
	EndGlobalSection
EndGlobal
